
Microsoft Visual Studio Solution File, Format Version 12.00
# Visual Studio Version 17
VisualStudioVersion = 17.10.35013.160
MinimumVisualStudioVersion = 10.0.40219.1
Project("{FAE04EC0-301F-11D3-BF4B-00C04F79EFBC}") = "CleanArchitecture.Template.Api", "CleanArchitecture.Template.Api\CleanArchitecture.Template.Api.csproj", "{FFEB3820-E73D-40D5-A9B2-A30FF3C45249}"
EndProject
Global
	GlobalSection(SolutionConfigurationPlatforms) = preSolution
		Debug|Any CPU = Debug|Any CPU
		Release|Any CPU = Release|Any CPU
	EndGlobalSection
	GlobalSection(ProjectConfigurationPlatforms) = postSolution
		{FFEB3820-E73D-40D5-A9B2-A30FF3C45249}.Debug|Any CPU.ActiveCfg = Debug|Any CPU
		{FFEB3820-E73D-40D5-A9B2-A30FF3C45249}.Debug|Any CPU.Build.0 = Debug|Any CPU
		{FFEB3820-E73D-40D5-A9B2-A30FF3C45249}.Release|Any CPU.ActiveCfg = Release|Any CPU
		{FFEB3820-E73D-40D5-A9B2-A30FF3C45249}.Release|Any CPU.Build.0 = Release|Any CPU
	EndGlobalSection
	GlobalSection(SolutionProperties) = preSolution
		HideSolutionNode = FALSE
	EndGlobalSection
	GlobalSection(ExtensibilityGlobals) = postSolution
		SolutionGuid = {F08AEFCC-D59B-4A7D-8AEA-3C788873D370}
	EndGlobalSection
EndGlobal
